// !$*UTF8*$!
{
	archiveVersion = 1;
	classes = {
	};
	objectVersion = 55;
	objects = {

/* Begin PBXBuildFile section */
		62201A7827B364F10087DC45 /* RecipeDetailView.swift in Sources */ = {isa = PBXBuildFile; fileRef = 62201A7727B364F10087DC45 /* RecipeDetailView.swift */; };
		625D584827C57DC1005D59B5 /* RecipeTabView.swift in Sources */ = {isa = PBXBuildFile; fileRef = 625D584727C57DC1005D59B5 /* RecipeTabView.swift */; };
		625D586427C5B50B005D59B5 /* RecipeFeaturedView.swift in Sources */ = {isa = PBXBuildFile; fileRef = 625D586327C5B50B005D59B5 /* RecipeFeaturedView.swift */; };
		629F191327A388720054E7F2 /* RecipeList2App.swift in Sources */ = {isa = PBXBuildFile; fileRef = 629F191227A388720054E7F2 /* RecipeList2App.swift */; };
		629F191527A388720054E7F2 /* RecipeListView.swift in Sources */ = {isa = PBXBuildFile; fileRef = 629F191427A388720054E7F2 /* RecipeListView.swift */; };
		629F191727A388740054E7F2 /* Assets.xcassets in Resources */ = {isa = PBXBuildFile; fileRef = 629F191627A388740054E7F2 /* Assets.xcassets */; };
		629F191A27A388740054E7F2 /* Preview Assets.xcassets in Resources */ = {isa = PBXBuildFile; fileRef = 629F191927A388740054E7F2 /* Preview Assets.xcassets */; };
		629F192627A390470054E7F2 /* recipes.json in Resources */ = {isa = PBXBuildFile; fileRef = 629F192527A390470054E7F2 /* recipes.json */; };
		629F192827A390FC0054E7F2 /* Recipe.swift in Sources */ = {isa = PBXBuildFile; fileRef = 629F192727A390FC0054E7F2 /* Recipe.swift */; };
		629F192A27A391230054E7F2 /* RecipeModel.swift in Sources */ = {isa = PBXBuildFile; fileRef = 629F192927A391230054E7F2 /* RecipeModel.swift */; };
		629F192C27A395390054E7F2 /* DataService.swift in Sources */ = {isa = PBXBuildFile; fileRef = 629F192B27A395390054E7F2 /* DataService.swift */; };
/* End PBXBuildFile section */

/* Begin PBXFileReference section */
		62201A7727B364F10087DC45 /* RecipeDetailView.swift */ = {isa = PBXFileReference; lastKnownFileType = sourcecode.swift; path = RecipeDetailView.swift; sourceTree = "<group>"; };
		625D584727C57DC1005D59B5 /* RecipeTabView.swift */ = {isa = PBXFileReference; lastKnownFileType = sourcecode.swift; path = RecipeTabView.swift; sourceTree = "<group>"; };
		625D586327C5B50B005D59B5 /* RecipeFeaturedView.swift */ = {isa = PBXFileReference; lastKnownFileType = sourcecode.swift; path = RecipeFeaturedView.swift; sourceTree = "<group>"; };
		629F190F27A388720054E7F2 /* RecipeList2.app */ = {isa = PBXFileReference; explicitFileType = wrapper.application; includeInIndex = 0; path = RecipeList2.app; sourceTree = BUILT_PRODUCTS_DIR; };
		629F191227A388720054E7F2 /* RecipeList2App.swift */ = {isa = PBXFileReference; lastKnownFileType = sourcecode.swift; path = RecipeList2App.swift; sourceTree = "<group>"; };
		629F191427A388720054E7F2 /* RecipeListView.swift */ = {isa = PBXFileReference; lastKnownFileType = sourcecode.swift; path = RecipeListView.swift; sourceTree = "<group>"; };
		629F191627A388740054E7F2 /* Assets.xcassets */ = {isa = PBXFileReference; lastKnownFileType = folder.assetcatalog; path = Assets.xcassets; sourceTree = "<group>"; };
		629F191927A388740054E7F2 /* Preview Assets.xcassets */ = {isa = PBXFileReference; lastKnownFileType = folder.assetcatalog; path = "Preview Assets.xcassets"; sourceTree = "<group>"; };
		629F192527A390470054E7F2 /* recipes.json */ = {isa = PBXFileReference; fileEncoding = 4; lastKnownFileType = text.json; path = recipes.json; sourceTree = "<group>"; };
		629F192727A390FC0054E7F2 /* Recipe.swift */ = {isa = PBXFileReference; lastKnownFileType = sourcecode.swift; path = Recipe.swift; sourceTree = "<group>"; };
		629F192927A391230054E7F2 /* RecipeModel.swift */ = {isa = PBXFileReference; lastKnownFileType = sourcecode.swift; path = RecipeModel.swift; sourceTree = "<group>"; };
		629F192B27A395390054E7F2 /* DataService.swift */ = {isa = PBXFileReference; lastKnownFileType = sourcecode.swift; path = DataService.swift; sourceTree = "<group>"; };
/* End PBXFileReference section */

/* Begin PBXFrameworksBuildPhase section */
		629F190C27A388720054E7F2 /* Frameworks */ = {
			isa = PBXFrameworksBuildPhase;
			buildActionMask = 2147483647;
			files = (
			);
			runOnlyForDeploymentPostprocessing = 0;
		};
/* End PBXFrameworksBuildPhase section */

/* Begin PBXGroup section */
		629F190627A388720054E7F2 = {
			isa = PBXGroup;
			children = (
				629F191127A388720054E7F2 /* RecipeList2 */,
				629F191027A388720054E7F2 /* Products */,
			);
			sourceTree = "<group>";
		};
		629F191027A388720054E7F2 /* Products */ = {
			isa = PBXGroup;
			children = (
				629F190F27A388720054E7F2 /* RecipeList2.app */,
			);
			name = Products;
			sourceTree = "<group>";
		};
		629F191127A388720054E7F2 /* RecipeList2 */ = {
			isa = PBXGroup;
			children = (
				629F191227A388720054E7F2 /* RecipeList2App.swift */,
				629F192027A38F390054E7F2 /* Views */,
				629F192227A38F530054E7F2 /* ViewModels */,
				629F192127A38F440054E7F2 /* Models */,
				629F192427A38F7F0054E7F2 /* Services */,
				629F192327A38F760054E7F2 /* Data */,
				629F191627A388740054E7F2 /* Assets.xcassets */,
				629F191827A388740054E7F2 /* Preview Content */,
			);
			path = RecipeList2;
			sourceTree = "<group>";
		};
		629F191827A388740054E7F2 /* Preview Content */ = {
			isa = PBXGroup;
			children = (
				629F191927A388740054E7F2 /* Preview Assets.xcassets */,
			);
			path = "Preview Content";
			sourceTree = "<group>";
		};
		629F192027A38F390054E7F2 /* Views */ = {
			isa = PBXGroup;
			children = (
				625D584727C57DC1005D59B5 /* RecipeTabView.swift */,
				625D586327C5B50B005D59B5 /* RecipeFeaturedView.swift */,
				629F191427A388720054E7F2 /* RecipeListView.swift */,
				62201A7727B364F10087DC45 /* RecipeDetailView.swift */,
			);
			path = Views;
			sourceTree = "<group>";
		};
		629F192127A38F440054E7F2 /* Models */ = {
			isa = PBXGroup;
			children = (
				629F192727A390FC0054E7F2 /* Recipe.swift */,
			);
			path = Models;
			sourceTree = "<group>";
		};
		629F192227A38F530054E7F2 /* ViewModels */ = {
			isa = PBXGroup;
			children = (
				629F192927A391230054E7F2 /* RecipeModel.swift */,
			);
			path = ViewModels;
			sourceTree = "<group>";
		};
		629F192327A38F760054E7F2 /* Data */ = {
			isa = PBXGroup;
			children = (
				629F192527A390470054E7F2 /* recipes.json */,
			);
			path = Data;
			sourceTree = "<group>";
		};
		629F192427A38F7F0054E7F2 /* Services */ = {
			isa = PBXGroup;
			children = (
				629F192B27A395390054E7F2 /* DataService.swift */,
			);
			path = Services;
			sourceTree = "<group>";
		};
/* End PBXGroup section */

/* Begin PBXNativeTarget section */
		629F190E27A388720054E7F2 /* RecipeList2 */ = {
			isa = PBXNativeTarget;
			buildConfigurationList = 629F191D27A388740054E7F2 /* Build configuration list for PBXNativeTarget "RecipeList2" */;
			buildPhases = (
				629F190B27A388720054E7F2 /* Sources */,
				629F190C27A388720054E7F2 /* Frameworks */,
				629F190D27A388720054E7F2 /* Resources */,
			);
			buildRules = (
			);
			dependencies = (
			);
			name = RecipeList2;
			productName = RecipeList2;
			productReference = 629F190F27A388720054E7F2 /* RecipeList2.app */;
			productType = "com.apple.product-type.application";
		};
/* End PBXNativeTarget section */

/* Begin PBXProject section */
		629F190727A388720054E7F2 /* Project object */ = {
			isa = PBXProject;
			attributes = {
				BuildIndependentTargetsInParallel = 1;
				LastSwiftUpdateCheck = 1320;
				LastUpgradeCheck = 1320;
				TargetAttributes = {
					629F190E27A388720054E7F2 = {
						CreatedOnToolsVersion = 13.2.1;
					};
				};
			};
			buildConfigurationList = 629F190A27A388720054E7F2 /* Build configuration list for PBXProject "RecipeList2" */;
			compatibilityVersion = "Xcode 13.0";
			developmentRegion = en;
			hasScannedForEncodings = 0;
			knownRegions = (
				en,
				Base,
			);
			mainGroup = 629F190627A388720054E7F2;
			productRefGroup = 629F191027A388720054E7F2 /* Products */;
			projectDirPath = "";
			projectRoot = "";
			targets = (
				629F190E27A388720054E7F2 /* RecipeList2 */,
			);
		};
/* End PBXProject section */

/* Begin PBXResourcesBuildPhase section */
		629F190D27A388720054E7F2 /* Resources */ = {
			isa = PBXResourcesBuildPhase;
			buildActionMask = 2147483647;
			files = (
				629F191A27A388740054E7F2 /* Preview Assets.xcassets in Resources */,
				629F192627A390470054E7F2 /* recipes.json in Resources */,
				629F191727A388740054E7F2 /* Assets.xcassets in Resources */,
			);
			runOnlyForDeploymentPostprocessing = 0;
		};
/* End PBXResourcesBuildPhase section */

/* Begin PBXSourcesBuildPhase section */
		629F190B27A388720054E7F2 /* Sources */ = {
			isa = PBXSourcesBuildPhase;
			buildActionMask = 2147483647;
			files = (
				629F192827A390FC0054E7F2 /* Recipe.swift in Sources */,
				62201A7827B364F10087DC45 /* RecipeDetailView.swift in Sources */,
				629F191527A388720054E7F2 /* RecipeListView.swift in Sources */,
				629F192A27A391230054E7F2 /* RecipeModel.swift in Sources */,
				629F191327A388720054E7F2 /* RecipeList2App.swift in Sources */,
				629F192C27A395390054E7F2 /* DataService.swift in Sources */,
				625D586427C5B50B005D59B5 /* RecipeFeaturedView.swift in Sources */,
				625D584827C57DC1005D59B5 /* RecipeTabView.swift in Sources */,
			);
			runOnlyForDeploymentPostprocessing = 0;
		};
/* End PBXSourcesBuildPhase section */

/* Begin XCBuildConfiguration section */
		629F191B27A388740054E7F2 /* Debug */ = {
			isa = XCBuildConfiguration;
			buildSettings = {
				ALWAYS_SEARCH_USER_PATHS = NO;
				CLANG_ANALYZER_NONNULL = YES;
				CLANG_ANALYZER_NUMBER_OBJECT_CONVERSION = YES_AGGRESSIVE;
				CLANG_CXX_LANGUAGE_STANDARD = "gnu++17";
				CLANG_CXX_LIBRARY = "libc++";
				CLANG_ENABLE_MODULES = YES;
				CLANG_ENABLE_OBJC_ARC = YES;
				CLANG_ENABLE_OBJC_WEAK = YES;
				CLANG_WARN_BLOCK_CAPTURE_AUTORELEASING = YES;
				CLANG_WARN_BOOL_CONVERSION = YES;
				CLANG_WARN_COMMA = YES;
				CLANG_WARN_CONSTANT_CONVERSION = YES;
				CLANG_WARN_DEPRECATED_OBJC_IMPLEMENTATIONS = YES;
				CLANG_WARN_DIRECT_OBJC_ISA_USAGE = YES_ERROR;
				CLANG_WARN_DOCUMENTATION_COMMENTS = YES;
				CLANG_WARN_EMPTY_BODY = YES;
				CLANG_WARN_ENUM_CONVERSION = YES;
				CLANG_WARN_INFINITE_RECURSION = YES;
				CLANG_WARN_INT_CONVERSION = YES;
				CLANG_WARN_NON_LITERAL_NULL_CONVERSION = YES;
				CLANG_WARN_OBJC_IMPLICIT_RETAIN_SELF = YES;
				CLANG_WARN_OBJC_LITERAL_CONVERSION = YES;
				CLANG_WARN_OBJC_ROOT_CLASS = YES_ERROR;
				CLANG_WARN_QUOTED_INCLUDE_IN_FRAMEWORK_HEADER = YES;
				CLANG_WARN_RANGE_LOOP_ANALYSIS = YES;
				CLANG_WARN_STRICT_PROTOTYPES = YES;
				CLANG_WARN_SUSPICIOUS_MOVE = YES;
				CLANG_WARN_UNGUARDED_AVAILABILITY = YES_AGGRESSIVE;
				CLANG_WARN_UNREACHABLE_CODE = YES;
				CLANG_WARN__DUPLICATE_METHOD_MATCH = YES;
				COPY_PHASE_STRIP = NO;
				DEBUG_INFORMATION_FORMAT = dwarf;
				ENABLE_STRICT_OBJC_MSGSEND = YES;
				ENABLE_TESTABILITY = YES;
				GCC_C_LANGUAGE_STANDARD = gnu11;
				GCC_DYNAMIC_NO_PIC = NO;
				GCC_NO_COMMON_BLOCKS = YES;
				GCC_OPTIMIZATION_LEVEL = 0;
				GCC_PREPROCESSOR_DEFINITIONS = (
					"DEBUG=1",
					"$(inherited)",
				);
				GCC_WARN_64_TO_32_BIT_CONVERSION = YES;
				GCC_WARN_ABOUT_RETURN_TYPE = YES_ERROR;
				GCC_WARN_UNDECLARED_SELECTOR = YES;
				GCC_WARN_UNINITIALIZED_AUTOS = YES_AGGRESSIVE;
				GCC_WARN_UNUSED_FUNCTION = YES;
				GCC_WARN_UNUSED_VARIABLE = YES;
				IPHONEOS_DEPLOYMENT_TARGET = 15.2;
				MTL_ENABLE_DEBUG_INFO = INCLUDE_SOURCE;
				MTL_FAST_MATH = YES;
				ONLY_ACTIVE_ARCH = YES;
				SDKROOT = iphoneos;
				SWIFT_ACTIVE_COMPILATION_CONDITIONS = DEBUG;
				SWIFT_OPTIMIZATION_LEVEL = "-Onone";
			};
			name = Debug;
		};
		629F191C27A388740054E7F2 /* Release */ = {
			isa = XCBuildConfiguration;
			buildSettings = {
				ALWAYS_SEARCH_USER_PATHS = NO;
				CLANG_ANALYZER_NONNULL = YES;
				CLANG_ANALYZER_NUMBER_OBJECT_CONVERSION = YES_AGGRESSIVE;
				CLANG_CXX_LANGUAGE_STANDARD = "gnu++17";
				CLANG_CXX_LIBRARY = "libc++";
				CLANG_ENABLE_MODULES = YES;
				CLANG_ENABLE_OBJC_ARC = YES;
				CLANG_ENABLE_OBJC_WEAK = YES;
				CLANG_WARN_BLOCK_CAPTURE_AUTORELEASING = YES;
				CLANG_WARN_BOOL_CONVERSION = YES;
				CLANG_WARN_COMMA = YES;
				CLANG_WARN_CONSTANT_CONVERSION = YES;
				CLANG_WARN_DEPRECATED_OBJC_IMPLEMENTATIONS = YES;
				CLANG_WARN_DIRECT_OBJC_ISA_USAGE = YES_ERROR;
				CLANG_WARN_DOCUMENTATION_COMMENTS = YES;
				CLANG_WARN_EMPTY_BODY = YES;
				CLANG_WARN_ENUM_CONVERSION = YES;
				CLANG_WARN_INFINITE_RECURSION = YES;
				CLANG_WARN_INT_CONVERSION = YES;
				CLANG_WARN_NON_LITERAL_NULL_CONVERSION = YES;
				CLANG_WARN_OBJC_IMPLICIT_RETAIN_SELF = YES;
				CLANG_WARN_OBJC_LITERAL_CONVERSION = YES;
				CLANG_WARN_OBJC_ROOT_CLASS = YES_ERROR;
				CLANG_WARN_QUOTED_INCLUDE_IN_FRAMEWORK_HEADER = YES;
				CLANG_WARN_RANGE_LOOP_ANALYSIS = YES;
				CLANG_WARN_STRICT_PROTOTYPES = YES;
				CLANG_WARN_SUSPICIOUS_MOVE = YES;
				CLANG_WARN_UNGUARDED_AVAILABILITY = YES_AGGRESSIVE;
				CLANG_WARN_UNREACHABLE_CODE = YES;
				CLANG_WARN__DUPLICATE_METHOD_MATCH = YES;
				COPY_PHASE_STRIP = NO;
				DEBUG_INFORMATION_FORMAT = "dwarf-with-dsym";
				ENABLE_NS_ASSERTIONS = NO;
				ENABLE_STRICT_OBJC_MSGSEND = YES;
				GCC_C_LANGUAGE_STANDARD = gnu11;
				GCC_NO_COMMON_BLOCKS = YES;
				GCC_WARN_64_TO_32_BIT_CONVERSION = YES;
				GCC_WARN_ABOUT_RETURN_TYPE = YES_ERROR;
				GCC_WARN_UNDECLARED_SELECTOR = YES;
				GCC_WARN_UNINITIALIZED_AUTOS = YES_AGGRESSIVE;
				GCC_WARN_UNUSED_FUNCTION = YES;
				GCC_WARN_UNUSED_VARIABLE = YES;
				IPHONEOS_DEPLOYMENT_TARGET = 15.2;
				MTL_ENABLE_DEBUG_INFO = NO;
				MTL_FAST_MATH = YES;
				SDKROOT = iphoneos;
				SWIFT_COMPILATION_MODE = wholemodule;
				SWIFT_OPTIMIZATION_LEVEL = "-O";
				VALIDATE_PRODUCT = YES;
			};
			name = Release;
		};
		629F191E27A388740054E7F2 /* Debug */ = {
			isa = XCBuildConfiguration;
			buildSettings = {
				ASSETCATALOG_COMPILER_APPICON_NAME = AppIcon;
				ASSETCATALOG_COMPILER_GLOBAL_ACCENT_COLOR_NAME = AccentColor;
				CODE_SIGN_STYLE = Automatic;
				CURRENT_PROJECT_VERSION = 1;
				DEVELOPMENT_ASSET_PATHS = "\"RecipeList2/Preview Content\"";
				DEVELOPMENT_TEAM = 58Z3BF6XN8;
				ENABLE_PREVIEWS = YES;
				GENERATE_INFOPLIST_FILE = YES;
				INFOPLIST_KEY_UIApplicationSceneManifest_Generation = YES;
				INFOPLIST_KEY_UIApplicationSupportsIndirectInputEvents = YES;
				INFOPLIST_KEY_UILaunchScreen_Generation = YES;
				INFOPLIST_KEY_UISupportedInterfaceOrientations_iPad = "UIInterfaceOrientationPortrait UIInterfaceOrientationPortraitUpsideDown UIInterfaceOrientationLandscapeLeft UIInterfaceOrientationLandscapeRight";
				INFOPLIST_KEY_UISupportedInterfaceOrientations_iPhone = "UIInterfaceOrientationPortrait UIInterfaceOrientationLandscapeLeft UIInterfaceOrientationLandscapeRight";
				LD_RUNPATH_SEARCH_PATHS = (
					"$(inherited)",
					"@executable_path/Frameworks",
				);
				MARKETING_VERSION = 1.0;
				PRODUCT_BUNDLE_IDENTIFIER = com.cdegarmo.RecipeList2;
				PRODUCT_NAME = "$(TARGET_NAME)";
				SWIFT_EMIT_LOC_STRINGS = YES;
				SWIFT_VERSION = 5.0;
				TARGETED_DEVICE_FAMILY = "1,2";
			};
			name = Debug;
		};
		629F191F27A388740054E7F2 /* Release */ = {
			isa = XCBuildConfiguration;
			buildSettings = {
				ASSETCATALOG_COMPILER_APPICON_NAME = AppIcon;
				ASSETCATALOG_COMPILER_GLOBAL_ACCENT_COLOR_NAME = AccentColor;
				CODE_SIGN_STYLE = Automatic;
				CURRENT_PROJECT_VERSION = 1;
				DEVELOPMENT_ASSET_PATHS = "\"RecipeList2/Preview Content\"";
				DEVELOPMENT_TEAM = 58Z3BF6XN8;
				ENABLE_PREVIEWS = YES;
				GENERATE_INFOPLIST_FILE = YES;
				INFOPLIST_KEY_UIApplicationSceneManifest_Generation = YES;
				INFOPLIST_KEY_UIApplicationSupportsIndirectInputEvents = YES;
				INFOPLIST_KEY_UILaunchScreen_Generation = YES;
				INFOPLIST_KEY_UISupportedInterfaceOrientations_iPad = "UIInterfaceOrientationPortrait UIInterfaceOrientationPortraitUpsideDown UIInterfaceOrientationLandscapeLeft UIInterfaceOrientationLandscapeRight";
				INFOPLIST_KEY_UISupportedInterfaceOrientations_iPhone = "UIInterfaceOrientationPortrait UIInterfaceOrientationLandscapeLeft UIInterfaceOrientationLandscapeRight";
				LD_RUNPATH_SEARCH_PATHS = (
					"$(inherited)",
					"@executable_path/Frameworks",
				);
				MARKETING_VERSION = 1.0;
				PRODUCT_BUNDLE_IDENTIFIER = com.cdegarmo.RecipeList2;
				PRODUCT_NAME = "$(TARGET_NAME)";
				SWIFT_EMIT_LOC_STRINGS = YES;
				SWIFT_VERSION = 5.0;
				TARGETED_DEVICE_FAMILY = "1,2";
			};
			name = Release;
		};
/* End XCBuildConfiguration section */

/* Begin XCConfigurationList section */
		629F190A27A388720054E7F2 /* Build configuration list for PBXProject "RecipeList2" */ = {
			isa = XCConfigurationList;
			buildConfigurations = (
				629F191B27A388740054E7F2 /* Debug */,
				629F191C27A388740054E7F2 /* Release */,
			);
			defaultConfigurationIsVisible = 0;
			defaultConfigurationName = Release;
		};
		629F191D27A388740054E7F2 /* Build configuration list for PBXNativeTarget "RecipeList2" */ = {
			isa = XCConfigurationList;
			buildConfigurations = (
				629F191E27A388740054E7F2 /* Debug */,
				629F191F27A388740054E7F2 /* Release */,
			);
			defaultConfigurationIsVisible = 0;
			defaultConfigurationName = Release;
		};
/* End XCConfigurationList section */
	};
	rootObject = 629F190727A388720054E7F2 /* Project object */;
}
